
Microsoft Visual Studio Solution File, Format Version 12.00
# Visual Studio Version 17
VisualStudioVersion = 17.0.31903.59
MinimumVisualStudioVersion = 10.0.40219.1
Project("{2150E333-8FDC-42A3-9474-1A3956D46DE8}") = "FrontEnd", "FrontEnd", "{FD624B1C-D7AB-4377-8BE4-21DC17D4FB87}"
EndProject
Project("{9A19103F-16F7-4668-BE54-9A1E7A4F7556}") = "Mango.Web", "Mango.Web\Mango.Web.csproj", "{743680DE-4C13-40C5-8D69-08BD675ECE5B}"
EndProject
Project("{2150E333-8FDC-42A3-9474-1A3956D46DE8}") = "Services", "Services", "{48096388-FEBF-4D4F-90F4-06EE969CD3F8}"
EndProject
Project("{9A19103F-16F7-4668-BE54-9A1E7A4F7556}") = "Mango.Services.ProductAPI", "Mango.Services.ProductAPI\Mango.Services.ProductAPI.csproj", "{9C9D7AF6-1490-4806-BCC8-EFEF550936C8}"
EndProject
Project("{9A19103F-16F7-4668-BE54-9A1E7A4F7556}") = "Mango.services.Identity", "Mango.services.Identity\Mango.services.Identity.csproj", "{DA46386C-E157-4273-8020-7F66E43F408B}"
EndProject
Project("{9A19103F-16F7-4668-BE54-9A1E7A4F7556}") = "Mango.Services.ShoppingCartAPI", "Mango.Services.ShoppingCartAPI\Mango.Services.ShoppingCartAPI.csproj", "{A66C558B-F547-4E75-85C9-FA76CC3A58DB}"
EndProject
Project("{9A19103F-16F7-4668-BE54-9A1E7A4F7556}") = "Mango.MessageBus", "Mango.MessageBus\Mango.MessageBus.csproj", "{8C2ADC4B-95C9-42F5-9C84-F8E64554673F}"
EndProject
Project("{2150E333-8FDC-42A3-9474-1A3956D46DE8}") = "Solution Items", "Solution Items", "{47181BC1-F163-4BF2-8A1F-13A7312D4B7B}"
	ProjectSection(SolutionItems) = preProject
		Help.txt = Help.txt
	EndProjectSection
EndProject
Project("{9A19103F-16F7-4668-BE54-9A1E7A4F7556}") = "Mango.Services.CouponAPI", "Mango.Services.CouponAPI\Mango.Services.CouponAPI.csproj", "{7DEEAF84-1AD2-46F8-8EE8-C2B0223E8C12}"
EndProject
Project("{9A19103F-16F7-4668-BE54-9A1E7A4F7556}") = "Mango.Services.OrderAPI", "Mango.Services.OrderAPI\Mango.Services.OrderAPI.csproj", "{A76180EC-EEDB-40FA-BD85-42539736B8EC}"
EndProject
Project("{9A19103F-16F7-4668-BE54-9A1E7A4F7556}") = "PaymentProcessor", "PaymentProcessor\PaymentProcessor.csproj", "{B249F325-B26F-435C-880C-CE5911CC178C}"
EndProject
Project("{9A19103F-16F7-4668-BE54-9A1E7A4F7556}") = "Mango.Services.PaymentAPI", "Mango.Services.PaymentAPI\Mango.Services.PaymentAPI.csproj", "{78990F16-4CCD-44C1-A0C4-E78741244774}"
EndProject
Project("{9A19103F-16F7-4668-BE54-9A1E7A4F7556}") = "Mango.Services.Email", "Mango.Services.Email\Mango.Services.Email.csproj", "{FA7DE8E0-5D39-45AB-9FA2-E4AEC12926DA}"
EndProject
Project("{9A19103F-16F7-4668-BE54-9A1E7A4F7556}") = "Mango.GatewaySolution", "Mango.GatewaySolution\Mango.GatewaySolution.csproj", "{35190D7A-0EED-487C-BD9A-99E8125B65FD}"
EndProject
Global
	GlobalSection(SolutionConfigurationPlatforms) = preSolution
		Debug|Any CPU = Debug|Any CPU
		Release|Any CPU = Release|Any CPU
	EndGlobalSection
	GlobalSection(ProjectConfigurationPlatforms) = postSolution
		{743680DE-4C13-40C5-8D69-08BD675ECE5B}.Debug|Any CPU.ActiveCfg = Debug|Any CPU
		{743680DE-4C13-40C5-8D69-08BD675ECE5B}.Debug|Any CPU.Build.0 = Debug|Any CPU
		{743680DE-4C13-40C5-8D69-08BD675ECE5B}.Release|Any CPU.ActiveCfg = Release|Any CPU
		{743680DE-4C13-40C5-8D69-08BD675ECE5B}.Release|Any CPU.Build.0 = Release|Any CPU
		{9C9D7AF6-1490-4806-BCC8-EFEF550936C8}.Debug|Any CPU.ActiveCfg = Debug|Any CPU
		{9C9D7AF6-1490-4806-BCC8-EFEF550936C8}.Debug|Any CPU.Build.0 = Debug|Any CPU
		{9C9D7AF6-1490-4806-BCC8-EFEF550936C8}.Release|Any CPU.ActiveCfg = Release|Any CPU
		{9C9D7AF6-1490-4806-BCC8-EFEF550936C8}.Release|Any CPU.Build.0 = Release|Any CPU
		{DA46386C-E157-4273-8020-7F66E43F408B}.Debug|Any CPU.ActiveCfg = Debug|Any CPU
		{DA46386C-E157-4273-8020-7F66E43F408B}.Debug|Any CPU.Build.0 = Debug|Any CPU
		{DA46386C-E157-4273-8020-7F66E43F408B}.Release|Any CPU.ActiveCfg = Release|Any CPU
		{DA46386C-E157-4273-8020-7F66E43F408B}.Release|Any CPU.Build.0 = Release|Any CPU
		{A66C558B-F547-4E75-85C9-FA76CC3A58DB}.Debug|Any CPU.ActiveCfg = Debug|Any CPU
		{A66C558B-F547-4E75-85C9-FA76CC3A58DB}.Debug|Any CPU.Build.0 = Debug|Any CPU
		{A66C558B-F547-4E75-85C9-FA76CC3A58DB}.Release|Any CPU.ActiveCfg = Release|Any CPU
		{A66C558B-F547-4E75-85C9-FA76CC3A58DB}.Release|Any CPU.Build.0 = Release|Any CPU
		{8C2ADC4B-95C9-42F5-9C84-F8E64554673F}.Debug|Any CPU.ActiveCfg = Debug|Any CPU
		{8C2ADC4B-95C9-42F5-9C84-F8E64554673F}.Debug|Any CPU.Build.0 = Debug|Any CPU
		{8C2ADC4B-95C9-42F5-9C84-F8E64554673F}.Release|Any CPU.ActiveCfg = Release|Any CPU
		{8C2ADC4B-95C9-42F5-9C84-F8E64554673F}.Release|Any CPU.Build.0 = Release|Any CPU
		{7DEEAF84-1AD2-46F8-8EE8-C2B0223E8C12}.Debug|Any CPU.ActiveCfg = Debug|Any CPU
		{7DEEAF84-1AD2-46F8-8EE8-C2B0223E8C12}.Debug|Any CPU.Build.0 = Debug|Any CPU
		{7DEEAF84-1AD2-46F8-8EE8-C2B0223E8C12}.Release|Any CPU.ActiveCfg = Release|Any CPU
		{7DEEAF84-1AD2-46F8-8EE8-C2B0223E8C12}.Release|Any CPU.Build.0 = Release|Any CPU
		{A76180EC-EEDB-40FA-BD85-42539736B8EC}.Debug|Any CPU.ActiveCfg = Debug|Any CPU
		{A76180EC-EEDB-40FA-BD85-42539736B8EC}.Debug|Any CPU.Build.0 = Debug|Any CPU
		{A76180EC-EEDB-40FA-BD85-42539736B8EC}.Release|Any CPU.ActiveCfg = Release|Any CPU
		{A76180EC-EEDB-40FA-BD85-42539736B8EC}.Release|Any CPU.Build.0 = Release|Any CPU
		{B249F325-B26F-435C-880C-CE5911CC178C}.Debug|Any CPU.ActiveCfg = Debug|Any CPU
		{B249F325-B26F-435C-880C-CE5911CC178C}.Debug|Any CPU.Build.0 = Debug|Any CPU
		{B249F325-B26F-435C-880C-CE5911CC178C}.Release|Any CPU.ActiveCfg = Release|Any CPU
		{B249F325-B26F-435C-880C-CE5911CC178C}.Release|Any CPU.Build.0 = Release|Any CPU
		{78990F16-4CCD-44C1-A0C4-E78741244774}.Debug|Any CPU.ActiveCfg = Debug|Any CPU
		{78990F16-4CCD-44C1-A0C4-E78741244774}.Debug|Any CPU.Build.0 = Debug|Any CPU
		{78990F16-4CCD-44C1-A0C4-E78741244774}.Release|Any CPU.ActiveCfg = Release|Any CPU
		{78990F16-4CCD-44C1-A0C4-E78741244774}.Release|Any CPU.Build.0 = Release|Any CPU
		{FA7DE8E0-5D39-45AB-9FA2-E4AEC12926DA}.Debug|Any CPU.ActiveCfg = Debug|Any CPU
		{FA7DE8E0-5D39-45AB-9FA2-E4AEC12926DA}.Debug|Any CPU.Build.0 = Debug|Any CPU
		{FA7DE8E0-5D39-45AB-9FA2-E4AEC12926DA}.Release|Any CPU.ActiveCfg = Release|Any CPU
		{FA7DE8E0-5D39-45AB-9FA2-E4AEC12926DA}.Release|Any CPU.Build.0 = Release|Any CPU
		{35190D7A-0EED-487C-BD9A-99E8125B65FD}.Debug|Any CPU.ActiveCfg = Debug|Any CPU
		{35190D7A-0EED-487C-BD9A-99E8125B65FD}.Debug|Any CPU.Build.0 = Debug|Any CPU
		{35190D7A-0EED-487C-BD9A-99E8125B65FD}.Release|Any CPU.ActiveCfg = Release|Any CPU
		{35190D7A-0EED-487C-BD9A-99E8125B65FD}.Release|Any CPU.Build.0 = Release|Any CPU
	EndGlobalSection
	GlobalSection(SolutionProperties) = preSolution
		HideSolutionNode = FALSE
	EndGlobalSection
	GlobalSection(NestedProjects) = preSolution
		{743680DE-4C13-40C5-8D69-08BD675ECE5B} = {FD624B1C-D7AB-4377-8BE4-21DC17D4FB87}
		{9C9D7AF6-1490-4806-BCC8-EFEF550936C8} = {48096388-FEBF-4D4F-90F4-06EE969CD3F8}
		{DA46386C-E157-4273-8020-7F66E43F408B} = {48096388-FEBF-4D4F-90F4-06EE969CD3F8}
		{A66C558B-F547-4E75-85C9-FA76CC3A58DB} = {48096388-FEBF-4D4F-90F4-06EE969CD3F8}
		{8C2ADC4B-95C9-42F5-9C84-F8E64554673F} = {48096388-FEBF-4D4F-90F4-06EE969CD3F8}
		{7DEEAF84-1AD2-46F8-8EE8-C2B0223E8C12} = {48096388-FEBF-4D4F-90F4-06EE969CD3F8}
		{A76180EC-EEDB-40FA-BD85-42539736B8EC} = {48096388-FEBF-4D4F-90F4-06EE969CD3F8}
		{B249F325-B26F-435C-880C-CE5911CC178C} = {48096388-FEBF-4D4F-90F4-06EE969CD3F8}
		{78990F16-4CCD-44C1-A0C4-E78741244774} = {48096388-FEBF-4D4F-90F4-06EE969CD3F8}
		{FA7DE8E0-5D39-45AB-9FA2-E4AEC12926DA} = {48096388-FEBF-4D4F-90F4-06EE969CD3F8}
		{35190D7A-0EED-487C-BD9A-99E8125B65FD} = {48096388-FEBF-4D4F-90F4-06EE969CD3F8}
	EndGlobalSection
	GlobalSection(ExtensibilityGlobals) = postSolution
		SolutionGuid = {E12A0829-44EF-452C-9560-F2C9856C2773}
	EndGlobalSection
EndGlobal
